
Microsoft Visual Studio Solution File, Format Version 10.00
# Visual Studio 2008
Project("{FAE04EC0-301F-11D3-BF4B-00C04F79EFBC}") = "SamasatiYoga", "SamasatiYoga\SamasatiYoga.csproj", "{91134BEC-C317-4D2A-BFF4-ADCE781EAAA9}"
EndProject
Project("{FAE04EC0-301F-11D3-BF4B-00C04F79EFBC}") = "SamasatiYoga.Tests", "SamasatiYoga.Tests\SamasatiYoga.Tests.csproj", "{8EF50994-5BE5-4BFE-8D65-1C5924091747}"
EndProject
Global
	GlobalSection(SolutionConfigurationPlatforms) = preSolution
		Debug|Any CPU = Debug|Any CPU
		Release|Any CPU = Release|Any CPU
	EndGlobalSection
	GlobalSection(ProjectConfigurationPlatforms) = postSolution
		{91134BEC-C317-4D2A-BFF4-ADCE781EAAA9}.Debug|Any CPU.ActiveCfg = Debug|Any CPU
		{91134BEC-C317-4D2A-BFF4-ADCE781EAAA9}.Debug|Any CPU.Build.0 = Debug|Any CPU
		{91134BEC-C317-4D2A-BFF4-ADCE781EAAA9}.Release|Any CPU.ActiveCfg = Release|Any CPU
		{91134BEC-C317-4D2A-BFF4-ADCE781EAAA9}.Release|Any CPU.Build.0 = Release|Any CPU
		{8EF50994-5BE5-4BFE-8D65-1C5924091747}.Debug|Any CPU.ActiveCfg = Debug|Any CPU
		{8EF50994-5BE5-4BFE-8D65-1C5924091747}.Debug|Any CPU.Build.0 = Debug|Any CPU
		{8EF50994-5BE5-4BFE-8D65-1C5924091747}.Release|Any CPU.ActiveCfg = Release|Any CPU
		{8EF50994-5BE5-4BFE-8D65-1C5924091747}.Release|Any CPU.Build.0 = Release|Any CPU
	EndGlobalSection
	GlobalSection(SolutionProperties) = preSolution
		HideSolutionNode = FALSE
	EndGlobalSection
EndGlobal
